
Microsoft Visual Studio Solution File, Format Version 12.00
# Visual Studio 2013
VisualStudioVersion = 12.0.31101.0
MinimumVisualStudioVersion = 10.0.40219.1
Project("{FAE04EC0-301F-11D3-BF4B-00C04F79EFBC}") = "Reviewer.Web.Mvc", "Reviewer.Web.Mvc\Reviewer.Web.Mvc.csproj", "{4D83ED8F-7CE5-4203-9C6C-D31BE66AB7BA}"
EndProject
Project("{FAE04EC0-301F-11D3-BF4B-00C04F79EFBC}") = "Core.Common.Contracts", "Core.Common.Contracts\Core.Common.Contracts.csproj", "{5E891130-5BE0-45A5-BDF0-E66A6D2109E5}"
EndProject
Project("{FAE04EC0-301F-11D3-BF4B-00C04F79EFBC}") = "Common.OpenXml", "Core.Common.OpenXml\Common.OpenXml.csproj", "{7ADE3035-9FD1-4ABF-A74A-666D6A509FEF}"
EndProject
Project("{FAE04EC0-301F-11D3-BF4B-00C04F79EFBC}") = "Common.ServiceModel", "Core.Common.ServiceModel\Common.ServiceModel.csproj", "{12F616BD-6C2F-40BE-A2DF-A50295208594}"
EndProject
Project("{2150E333-8FDC-42A3-9474-1A3956D46DE8}") = ".nuget", ".nuget", "{03E1416E-B87A-463D-A3DF-8D89A1180BA8}"
	ProjectSection(SolutionItems) = preProject
		.nuget\NuGet.Config = .nuget\NuGet.Config
		.nuget\NuGet.exe = .nuget\NuGet.exe
		.nuget\NuGet.targets = .nuget\NuGet.targets
	EndProjectSection
EndProject
Global
	GlobalSection(SolutionConfigurationPlatforms) = preSolution
		Debug|Any CPU = Debug|Any CPU
		DEV|Any CPU = DEV|Any CPU
		OAT|Any CPU = OAT|Any CPU
		Release|Any CPU = Release|Any CPU
		SIT|Any CPU = SIT|Any CPU
		UAT|Any CPU = UAT|Any CPU
	EndGlobalSection
	GlobalSection(ProjectConfigurationPlatforms) = postSolution
		{4D83ED8F-7CE5-4203-9C6C-D31BE66AB7BA}.Debug|Any CPU.ActiveCfg = Debug|Any CPU
		{4D83ED8F-7CE5-4203-9C6C-D31BE66AB7BA}.Debug|Any CPU.Build.0 = Debug|Any CPU
		{4D83ED8F-7CE5-4203-9C6C-D31BE66AB7BA}.DEV|Any CPU.ActiveCfg = Debug|Any CPU
		{4D83ED8F-7CE5-4203-9C6C-D31BE66AB7BA}.DEV|Any CPU.Build.0 = Debug|Any CPU
		{4D83ED8F-7CE5-4203-9C6C-D31BE66AB7BA}.OAT|Any CPU.ActiveCfg = Release|Any CPU
		{4D83ED8F-7CE5-4203-9C6C-D31BE66AB7BA}.OAT|Any CPU.Build.0 = Release|Any CPU
		{4D83ED8F-7CE5-4203-9C6C-D31BE66AB7BA}.Release|Any CPU.ActiveCfg = Release|Any CPU
		{4D83ED8F-7CE5-4203-9C6C-D31BE66AB7BA}.Release|Any CPU.Build.0 = Release|Any CPU
		{4D83ED8F-7CE5-4203-9C6C-D31BE66AB7BA}.SIT|Any CPU.ActiveCfg = Release|Any CPU
		{4D83ED8F-7CE5-4203-9C6C-D31BE66AB7BA}.SIT|Any CPU.Build.0 = Release|Any CPU
		{4D83ED8F-7CE5-4203-9C6C-D31BE66AB7BA}.UAT|Any CPU.ActiveCfg = Release|Any CPU
		{4D83ED8F-7CE5-4203-9C6C-D31BE66AB7BA}.UAT|Any CPU.Build.0 = Release|Any CPU
		{5E891130-5BE0-45A5-BDF0-E66A6D2109E5}.Debug|Any CPU.ActiveCfg = Debug|Any CPU
		{5E891130-5BE0-45A5-BDF0-E66A6D2109E5}.Debug|Any CPU.Build.0 = Debug|Any CPU
		{5E891130-5BE0-45A5-BDF0-E66A6D2109E5}.DEV|Any CPU.ActiveCfg = Debug|Any CPU
		{5E891130-5BE0-45A5-BDF0-E66A6D2109E5}.DEV|Any CPU.Build.0 = Debug|Any CPU
		{5E891130-5BE0-45A5-BDF0-E66A6D2109E5}.OAT|Any CPU.ActiveCfg = Release|Any CPU
		{5E891130-5BE0-45A5-BDF0-E66A6D2109E5}.OAT|Any CPU.Build.0 = Release|Any CPU
		{5E891130-5BE0-45A5-BDF0-E66A6D2109E5}.Release|Any CPU.ActiveCfg = Release|Any CPU
		{5E891130-5BE0-45A5-BDF0-E66A6D2109E5}.Release|Any CPU.Build.0 = Release|Any CPU
		{5E891130-5BE0-45A5-BDF0-E66A6D2109E5}.SIT|Any CPU.ActiveCfg = SIT|Any CPU
		{5E891130-5BE0-45A5-BDF0-E66A6D2109E5}.SIT|Any CPU.Build.0 = SIT|Any CPU
		{5E891130-5BE0-45A5-BDF0-E66A6D2109E5}.UAT|Any CPU.ActiveCfg = Release|Any CPU
		{5E891130-5BE0-45A5-BDF0-E66A6D2109E5}.UAT|Any CPU.Build.0 = Release|Any CPU
		{7ADE3035-9FD1-4ABF-A74A-666D6A509FEF}.Debug|Any CPU.ActiveCfg = Debug|Any CPU
		{7ADE3035-9FD1-4ABF-A74A-666D6A509FEF}.Debug|Any CPU.Build.0 = Debug|Any CPU
		{7ADE3035-9FD1-4ABF-A74A-666D6A509FEF}.DEV|Any CPU.ActiveCfg = DEV|Any CPU
		{7ADE3035-9FD1-4ABF-A74A-666D6A509FEF}.DEV|Any CPU.Build.0 = DEV|Any CPU
		{7ADE3035-9FD1-4ABF-A74A-666D6A509FEF}.OAT|Any CPU.ActiveCfg = OAT|Any CPU
		{7ADE3035-9FD1-4ABF-A74A-666D6A509FEF}.OAT|Any CPU.Build.0 = OAT|Any CPU
		{7ADE3035-9FD1-4ABF-A74A-666D6A509FEF}.Release|Any CPU.ActiveCfg = Release|Any CPU
		{7ADE3035-9FD1-4ABF-A74A-666D6A509FEF}.Release|Any CPU.Build.0 = Release|Any CPU
		{7ADE3035-9FD1-4ABF-A74A-666D6A509FEF}.SIT|Any CPU.ActiveCfg = SIT|Any CPU
		{7ADE3035-9FD1-4ABF-A74A-666D6A509FEF}.SIT|Any CPU.Build.0 = SIT|Any CPU
		{7ADE3035-9FD1-4ABF-A74A-666D6A509FEF}.UAT|Any CPU.ActiveCfg = UAT|Any CPU
		{7ADE3035-9FD1-4ABF-A74A-666D6A509FEF}.UAT|Any CPU.Build.0 = UAT|Any CPU
		{12F616BD-6C2F-40BE-A2DF-A50295208594}.Debug|Any CPU.ActiveCfg = Debug|Any CPU
		{12F616BD-6C2F-40BE-A2DF-A50295208594}.Debug|Any CPU.Build.0 = Debug|Any CPU
		{12F616BD-6C2F-40BE-A2DF-A50295208594}.DEV|Any CPU.ActiveCfg = Debug|Any CPU
		{12F616BD-6C2F-40BE-A2DF-A50295208594}.DEV|Any CPU.Build.0 = Debug|Any CPU
		{12F616BD-6C2F-40BE-A2DF-A50295208594}.OAT|Any CPU.ActiveCfg = Release|Any CPU
		{12F616BD-6C2F-40BE-A2DF-A50295208594}.OAT|Any CPU.Build.0 = Release|Any CPU
		{12F616BD-6C2F-40BE-A2DF-A50295208594}.Release|Any CPU.ActiveCfg = Release|Any CPU
		{12F616BD-6C2F-40BE-A2DF-A50295208594}.Release|Any CPU.Build.0 = Release|Any CPU
		{12F616BD-6C2F-40BE-A2DF-A50295208594}.SIT|Any CPU.ActiveCfg = SIT|Any CPU
		{12F616BD-6C2F-40BE-A2DF-A50295208594}.SIT|Any CPU.Build.0 = SIT|Any CPU
		{12F616BD-6C2F-40BE-A2DF-A50295208594}.UAT|Any CPU.ActiveCfg = Release|Any CPU
		{12F616BD-6C2F-40BE-A2DF-A50295208594}.UAT|Any CPU.Build.0 = Release|Any CPU
	EndGlobalSection
	GlobalSection(SolutionProperties) = preSolution
		HideSolutionNode = FALSE
	EndGlobalSection
EndGlobal
